
Microsoft Visual Studio Solution File, Format Version 12.00
# Visual Studio Version 16
VisualStudioVersion = 16.0.32802.440
MinimumVisualStudioVersion = 10.0.40219.1
Project("{8BC9CEB8-8B4A-11D0-8D11-00A0C91BC942}") = "Ex01", "Ex01\Ex01.vcxproj", "{B766DEF5-8691-41E4-BC83-2FF30EBD3702}"
EndProject
Project("{8BC9CEB8-8B4A-11D0-8D11-00A0C91BC942}") = "Ex02", "Ex02\Ex02.vcxproj", "{9AA90EBD-8BAF-4E03-9A8A-408EB92034F6}"
EndProject
Project("{8BC9CEB8-8B4A-11D0-8D11-00A0C91BC942}") = "Ex03", "Ex03\Ex03.vcxproj", "{385CA844-0D52-470A-B4E8-6786204506D1}"
EndProject
Project("{8BC9CEB8-8B4A-11D0-8D11-00A0C91BC942}") = "Ex04", "Ex04\Ex04.vcxproj", "{762F945C-9E35-4C46-BB5C-39D0AC06584F}"
EndProject
Project("{8BC9CEB8-8B4A-11D0-8D11-00A0C91BC942}") = "Ex_05", "Ex_05\Ex_05.vcxproj", "{C4EFA0BA-E40E-45DB-9944-F5D0C12195D5}"
EndProject
Project("{8BC9CEB8-8B4A-11D0-8D11-00A0C91BC942}") = "Ex06", "Ex06\Ex06.vcxproj", "{71F5DA09-F0BE-4075-9732-C540C3D25BB2}"
EndProject
Project("{8BC9CEB8-8B4A-11D0-8D11-00A0C91BC942}") = "Ex07", "Ex07\Ex07.vcxproj", "{10CD5D32-A7F3-4271-ABFF-6A2629656E7D}"
EndProject
Project("{8BC9CEB8-8B4A-11D0-8D11-00A0C91BC942}") = "Ex08", "Ex08\Ex08.vcxproj", "{83D68D5E-6056-4977-89FB-8951FAA8D66F}"
EndProject
Global
	GlobalSection(SolutionConfigurationPlatforms) = preSolution
		Debug|x64 = Debug|x64
		Debug|x86 = Debug|x86
		Release|x64 = Release|x64
		Release|x86 = Release|x86
	EndGlobalSection
	GlobalSection(ProjectConfigurationPlatforms) = postSolution
		{B766DEF5-8691-41E4-BC83-2FF30EBD3702}.Debug|x64.ActiveCfg = Debug|x64
		{B766DEF5-8691-41E4-BC83-2FF30EBD3702}.Debug|x64.Build.0 = Debug|x64
		{B766DEF5-8691-41E4-BC83-2FF30EBD3702}.Debug|x86.ActiveCfg = Debug|Win32
		{B766DEF5-8691-41E4-BC83-2FF30EBD3702}.Debug|x86.Build.0 = Debug|Win32
		{B766DEF5-8691-41E4-BC83-2FF30EBD3702}.Release|x64.ActiveCfg = Release|x64
		{B766DEF5-8691-41E4-BC83-2FF30EBD3702}.Release|x64.Build.0 = Release|x64
		{B766DEF5-8691-41E4-BC83-2FF30EBD3702}.Release|x86.ActiveCfg = Release|Win32
		{B766DEF5-8691-41E4-BC83-2FF30EBD3702}.Release|x86.Build.0 = Release|Win32
		{9AA90EBD-8BAF-4E03-9A8A-408EB92034F6}.Debug|x64.ActiveCfg = Debug|x64
		{9AA90EBD-8BAF-4E03-9A8A-408EB92034F6}.Debug|x64.Build.0 = Debug|x64
		{9AA90EBD-8BAF-4E03-9A8A-408EB92034F6}.Debug|x86.ActiveCfg = Debug|Win32
		{9AA90EBD-8BAF-4E03-9A8A-408EB92034F6}.Debug|x86.Build.0 = Debug|Win32
		{9AA90EBD-8BAF-4E03-9A8A-408EB92034F6}.Release|x64.ActiveCfg = Release|x64
		{9AA90EBD-8BAF-4E03-9A8A-408EB92034F6}.Release|x64.Build.0 = Release|x64
		{9AA90EBD-8BAF-4E03-9A8A-408EB92034F6}.Release|x86.ActiveCfg = Release|Win32
		{9AA90EBD-8BAF-4E03-9A8A-408EB92034F6}.Release|x86.Build.0 = Release|Win32
		{385CA844-0D52-470A-B4E8-6786204506D1}.Debug|x64.ActiveCfg = Debug|x64
		{385CA844-0D52-470A-B4E8-6786204506D1}.Debug|x64.Build.0 = Debug|x64
		{385CA844-0D52-470A-B4E8-6786204506D1}.Debug|x86.ActiveCfg = Debug|Win32
		{385CA844-0D52-470A-B4E8-6786204506D1}.Debug|x86.Build.0 = Debug|Win32
		{385CA844-0D52-470A-B4E8-6786204506D1}.Release|x64.ActiveCfg = Release|x64
		{385CA844-0D52-470A-B4E8-6786204506D1}.Release|x64.Build.0 = Release|x64
		{385CA844-0D52-470A-B4E8-6786204506D1}.Release|x86.ActiveCfg = Release|Win32
		{385CA844-0D52-470A-B4E8-6786204506D1}.Release|x86.Build.0 = Release|Win32
		{762F945C-9E35-4C46-BB5C-39D0AC06584F}.Debug|x64.ActiveCfg = Debug|x64
		{762F945C-9E35-4C46-BB5C-39D0AC06584F}.Debug|x64.Build.0 = Debug|x64
		{762F945C-9E35-4C46-BB5C-39D0AC06584F}.Debug|x86.ActiveCfg = Debug|Win32
		{762F945C-9E35-4C46-BB5C-39D0AC06584F}.Debug|x86.Build.0 = Debug|Win32
		{762F945C-9E35-4C46-BB5C-39D0AC06584F}.Release|x64.ActiveCfg = Release|x64
		{762F945C-9E35-4C46-BB5C-39D0AC06584F}.Release|x64.Build.0 = Release|x64
		{762F945C-9E35-4C46-BB5C-39D0AC06584F}.Release|x86.ActiveCfg = Release|Win32
		{762F945C-9E35-4C46-BB5C-39D0AC06584F}.Release|x86.Build.0 = Release|Win32
		{C4EFA0BA-E40E-45DB-9944-F5D0C12195D5}.Debug|x64.ActiveCfg = Debug|x64
		{C4EFA0BA-E40E-45DB-9944-F5D0C12195D5}.Debug|x64.Build.0 = Debug|x64
		{C4EFA0BA-E40E-45DB-9944-F5D0C12195D5}.Debug|x86.ActiveCfg = Debug|Win32
		{C4EFA0BA-E40E-45DB-9944-F5D0C12195D5}.Debug|x86.Build.0 = Debug|Win32
		{C4EFA0BA-E40E-45DB-9944-F5D0C12195D5}.Release|x64.ActiveCfg = Release|x64
		{C4EFA0BA-E40E-45DB-9944-F5D0C12195D5}.Release|x64.Build.0 = Release|x64
		{C4EFA0BA-E40E-45DB-9944-F5D0C12195D5}.Release|x86.ActiveCfg = Release|Win32
		{C4EFA0BA-E40E-45DB-9944-F5D0C12195D5}.Release|x86.Build.0 = Release|Win32
		{71F5DA09-F0BE-4075-9732-C540C3D25BB2}.Debug|x64.ActiveCfg = Debug|x64
		{71F5DA09-F0BE-4075-9732-C540C3D25BB2}.Debug|x64.Build.0 = Debug|x64
		{71F5DA09-F0BE-4075-9732-C540C3D25BB2}.Debug|x86.ActiveCfg = Debug|Win32
		{71F5DA09-F0BE-4075-9732-C540C3D25BB2}.Debug|x86.Build.0 = Debug|Win32
		{71F5DA09-F0BE-4075-9732-C540C3D25BB2}.Release|x64.ActiveCfg = Release|x64
		{71F5DA09-F0BE-4075-9732-C540C3D25BB2}.Release|x64.Build.0 = Release|x64
		{71F5DA09-F0BE-4075-9732-C540C3D25BB2}.Release|x86.ActiveCfg = Release|Win32
		{71F5DA09-F0BE-4075-9732-C540C3D25BB2}.Release|x86.Build.0 = Release|Win32
		{10CD5D32-A7F3-4271-ABFF-6A2629656E7D}.Debug|x64.ActiveCfg = Debug|x64
		{10CD5D32-A7F3-4271-ABFF-6A2629656E7D}.Debug|x64.Build.0 = Debug|x64
		{10CD5D32-A7F3-4271-ABFF-6A2629656E7D}.Debug|x86.ActiveCfg = Debug|Win32
		{10CD5D32-A7F3-4271-ABFF-6A2629656E7D}.Debug|x86.Build.0 = Debug|Win32
		{10CD5D32-A7F3-4271-ABFF-6A2629656E7D}.Release|x64.ActiveCfg = Release|x64
		{10CD5D32-A7F3-4271-ABFF-6A2629656E7D}.Release|x64.Build.0 = Release|x64
		{10CD5D32-A7F3-4271-ABFF-6A2629656E7D}.Release|x86.ActiveCfg = Release|Win32
		{10CD5D32-A7F3-4271-ABFF-6A2629656E7D}.Release|x86.Build.0 = Release|Win32
		{83D68D5E-6056-4977-89FB-8951FAA8D66F}.Debug|x64.ActiveCfg = Debug|x64
		{83D68D5E-6056-4977-89FB-8951FAA8D66F}.Debug|x64.Build.0 = Debug|x64
		{83D68D5E-6056-4977-89FB-8951FAA8D66F}.Debug|x86.ActiveCfg = Debug|Win32
		{83D68D5E-6056-4977-89FB-8951FAA8D66F}.Debug|x86.Build.0 = Debug|Win32
		{83D68D5E-6056-4977-89FB-8951FAA8D66F}.Release|x64.ActiveCfg = Release|x64
		{83D68D5E-6056-4977-89FB-8951FAA8D66F}.Release|x64.Build.0 = Release|x64
		{83D68D5E-6056-4977-89FB-8951FAA8D66F}.Release|x86.ActiveCfg = Release|Win32
		{83D68D5E-6056-4977-89FB-8951FAA8D66F}.Release|x86.Build.0 = Release|Win32
	EndGlobalSection
	GlobalSection(SolutionProperties) = preSolution
		HideSolutionNode = FALSE
	EndGlobalSection
	GlobalSection(ExtensibilityGlobals) = postSolution
		SolutionGuid = {4E3C9C81-1B1C-4329-BB4A-BC37A33EC45C}
	EndGlobalSection
EndGlobal
